
Microsoft Visual Studio Solution File, Format Version 12.00
# Visual Studio Version 16
VisualStudioVersion = 16.0.30717.126
MinimumVisualStudioVersion = 10.0.40219.1
Project("{888888A0-9F3D-457C-B088-3A5042F75D52}") = "Website", "SKS3_Pritz_UE05\Website.pyproj", "{56001AF1-154C-478F-988B-1F480D565BCC}"
EndProject
Project("{888888A0-9F3D-457C-B088-3A5042F75D52}") = "ScriptWebParser", "ScriptWebParser\ScriptWebParser.pyproj", "{8949A72B-0949-4106-A875-7E6E596F65B6}"
EndProject
Global
	GlobalSection(SolutionConfigurationPlatforms) = preSolution
		Debug|Any CPU = Debug|Any CPU
		Release|Any CPU = Release|Any CPU
	EndGlobalSection
	GlobalSection(ProjectConfigurationPlatforms) = postSolution
		{56001AF1-154C-478F-988B-1F480D565BCC}.Debug|Any CPU.ActiveCfg = Debug|Any CPU
		{56001AF1-154C-478F-988B-1F480D565BCC}.Debug|Any CPU.Build.0 = Debug|Any CPU
		{56001AF1-154C-478F-988B-1F480D565BCC}.Release|Any CPU.ActiveCfg = Release|Any CPU
		{56001AF1-154C-478F-988B-1F480D565BCC}.Release|Any CPU.Build.0 = Release|Any CPU
		{8949A72B-0949-4106-A875-7E6E596F65B6}.Debug|Any CPU.ActiveCfg = Debug|Any CPU
		{8949A72B-0949-4106-A875-7E6E596F65B6}.Release|Any CPU.ActiveCfg = Release|Any CPU
	EndGlobalSection
	GlobalSection(SolutionProperties) = preSolution
		HideSolutionNode = FALSE
	EndGlobalSection
	GlobalSection(ExtensibilityGlobals) = postSolution
		SolutionGuid = {AD500E68-A21B-4A04-AEDC-5B56BBCF5EA0}
	EndGlobalSection
EndGlobal
