
Microsoft Visual Studio Solution File, Format Version 12.00
# Visual Studio Version 16
VisualStudioVersion = 16.0.29418.71
MinimumVisualStudioVersion = 10.0.40219.1
Project("{8BC9CEB8-8B4A-11D0-8D11-00A0C91BC942}") = "ADS_Unit05", "ADS_Unit05\ADS_Unit05.vcxproj", "{5585E3CA-32A3-4FEA-A64B-9D3A5609469A}"
EndProject
Project("{8BC9CEB8-8B4A-11D0-8D11-00A0C91BC942}") = "Testuebung", "Testuebung\Testuebung.vcxproj", "{1DF54038-B28E-4FB6-BA14-FCE1E1D4749A}"
EndProject
Global
	GlobalSection(SolutionConfigurationPlatforms) = preSolution
		Debug|x64 = Debug|x64
		Debug|x86 = Debug|x86
		Release|x64 = Release|x64
		Release|x86 = Release|x86
	EndGlobalSection
	GlobalSection(ProjectConfigurationPlatforms) = postSolution
		{5585E3CA-32A3-4FEA-A64B-9D3A5609469A}.Debug|x64.ActiveCfg = Debug|x64
		{5585E3CA-32A3-4FEA-A64B-9D3A5609469A}.Debug|x64.Build.0 = Debug|x64
		{5585E3CA-32A3-4FEA-A64B-9D3A5609469A}.Debug|x86.ActiveCfg = Debug|Win32
		{5585E3CA-32A3-4FEA-A64B-9D3A5609469A}.Debug|x86.Build.0 = Debug|Win32
		{5585E3CA-32A3-4FEA-A64B-9D3A5609469A}.Release|x64.ActiveCfg = Release|x64
		{5585E3CA-32A3-4FEA-A64B-9D3A5609469A}.Release|x64.Build.0 = Release|x64
		{5585E3CA-32A3-4FEA-A64B-9D3A5609469A}.Release|x86.ActiveCfg = Release|Win32
		{5585E3CA-32A3-4FEA-A64B-9D3A5609469A}.Release|x86.Build.0 = Release|Win32
		{1DF54038-B28E-4FB6-BA14-FCE1E1D4749A}.Debug|x64.ActiveCfg = Debug|x64
		{1DF54038-B28E-4FB6-BA14-FCE1E1D4749A}.Debug|x64.Build.0 = Debug|x64
		{1DF54038-B28E-4FB6-BA14-FCE1E1D4749A}.Debug|x86.ActiveCfg = Debug|Win32
		{1DF54038-B28E-4FB6-BA14-FCE1E1D4749A}.Debug|x86.Build.0 = Debug|Win32
		{1DF54038-B28E-4FB6-BA14-FCE1E1D4749A}.Release|x64.ActiveCfg = Release|x64
		{1DF54038-B28E-4FB6-BA14-FCE1E1D4749A}.Release|x64.Build.0 = Release|x64
		{1DF54038-B28E-4FB6-BA14-FCE1E1D4749A}.Release|x86.ActiveCfg = Release|Win32
		{1DF54038-B28E-4FB6-BA14-FCE1E1D4749A}.Release|x86.Build.0 = Release|Win32
	EndGlobalSection
	GlobalSection(SolutionProperties) = preSolution
		HideSolutionNode = FALSE
	EndGlobalSection
	GlobalSection(ExtensibilityGlobals) = postSolution
		SolutionGuid = {8D998E2C-FC9F-4944-AAC9-467437E6CC65}
	EndGlobalSection
EndGlobal
