
Microsoft Visual Studio Solution File, Format Version 12.00
# Visual Studio Version 16
VisualStudioVersion = 16.0.29905.134
MinimumVisualStudioVersion = 10.0.40219.1
Project("{8BC9CEB8-8B4A-11D0-8D11-00A0C91BC942}") = "FDS_Unit03", "FDS_Unit03\FDS_Unit03.vcxproj", "{E5EA04E1-9E5E-4D81-927C-16B599140935}"
EndProject
Project("{8BC9CEB8-8B4A-11D0-8D11-00A0C91BC942}") = "Bitmaps", "Bitmaps\Bitmaps.vcxproj", "{D15D717D-EAED-4D14-9A85-7A7D8DA1E5AB}"
EndProject
Global
	GlobalSection(SolutionConfigurationPlatforms) = preSolution
		Debug|x64 = Debug|x64
		Debug|x86 = Debug|x86
		Release|x64 = Release|x64
		Release|x86 = Release|x86
	EndGlobalSection
	GlobalSection(ProjectConfigurationPlatforms) = postSolution
		{E5EA04E1-9E5E-4D81-927C-16B599140935}.Debug|x64.ActiveCfg = Debug|x64
		{E5EA04E1-9E5E-4D81-927C-16B599140935}.Debug|x64.Build.0 = Debug|x64
		{E5EA04E1-9E5E-4D81-927C-16B599140935}.Debug|x86.ActiveCfg = Debug|Win32
		{E5EA04E1-9E5E-4D81-927C-16B599140935}.Debug|x86.Build.0 = Debug|Win32
		{E5EA04E1-9E5E-4D81-927C-16B599140935}.Release|x64.ActiveCfg = Release|x64
		{E5EA04E1-9E5E-4D81-927C-16B599140935}.Release|x64.Build.0 = Release|x64
		{E5EA04E1-9E5E-4D81-927C-16B599140935}.Release|x86.ActiveCfg = Release|Win32
		{E5EA04E1-9E5E-4D81-927C-16B599140935}.Release|x86.Build.0 = Release|Win32
		{D15D717D-EAED-4D14-9A85-7A7D8DA1E5AB}.Debug|x64.ActiveCfg = Debug|x64
		{D15D717D-EAED-4D14-9A85-7A7D8DA1E5AB}.Debug|x64.Build.0 = Debug|x64
		{D15D717D-EAED-4D14-9A85-7A7D8DA1E5AB}.Debug|x86.ActiveCfg = Debug|Win32
		{D15D717D-EAED-4D14-9A85-7A7D8DA1E5AB}.Debug|x86.Build.0 = Debug|Win32
		{D15D717D-EAED-4D14-9A85-7A7D8DA1E5AB}.Release|x64.ActiveCfg = Release|x64
		{D15D717D-EAED-4D14-9A85-7A7D8DA1E5AB}.Release|x64.Build.0 = Release|x64
		{D15D717D-EAED-4D14-9A85-7A7D8DA1E5AB}.Release|x86.ActiveCfg = Release|Win32
		{D15D717D-EAED-4D14-9A85-7A7D8DA1E5AB}.Release|x86.Build.0 = Release|Win32
	EndGlobalSection
	GlobalSection(SolutionProperties) = preSolution
		HideSolutionNode = FALSE
	EndGlobalSection
	GlobalSection(ExtensibilityGlobals) = postSolution
		SolutionGuid = {B3BD2C3D-DCD1-4402-B07D-93ED8A905AFB}
	EndGlobalSection
EndGlobal
