
Microsoft Visual Studio Solution File, Format Version 12.00
# Visual Studio Version 16
VisualStudioVersion = 16.0.30104.148
MinimumVisualStudioVersion = 10.0.40219.1
Project("{8BC9CEB8-8B4A-11D0-8D11-00A0C91BC942}") = "FDS_Pritz_UE05", "FDS_Pritz_UE05\FDS_Pritz_UE05.vcxproj", "{83D53295-A126-4CAC-A1A4-CA767EBF9EBF}"
EndProject
Project("{8BC9CEB8-8B4A-11D0-8D11-00A0C91BC942}") = "Teil_2", "Teil_2\Teil_2.vcxproj", "{266966EA-0EEB-4849-937B-ECFB1FA63064}"
EndProject
Project("{8BC9CEB8-8B4A-11D0-8D11-00A0C91BC942}") = "Teil_3", "Teil_3\Teil_3.vcxproj", "{A29464CC-2965-4FB9-B10E-9458E7E7FBE6}"
EndProject
Project("{8BC9CEB8-8B4A-11D0-8D11-00A0C91BC942}") = "Teil_4", "Teil_4\Teil_4.vcxproj", "{B28A8F02-336D-4AE9-9CCC-96FB321C602D}"
EndProject
Global
	GlobalSection(SolutionConfigurationPlatforms) = preSolution
		Debug|x64 = Debug|x64
		Debug|x86 = Debug|x86
		Release|x64 = Release|x64
		Release|x86 = Release|x86
	EndGlobalSection
	GlobalSection(ProjectConfigurationPlatforms) = postSolution
		{83D53295-A126-4CAC-A1A4-CA767EBF9EBF}.Debug|x64.ActiveCfg = Debug|x64
		{83D53295-A126-4CAC-A1A4-CA767EBF9EBF}.Debug|x64.Build.0 = Debug|x64
		{83D53295-A126-4CAC-A1A4-CA767EBF9EBF}.Debug|x86.ActiveCfg = Debug|Win32
		{83D53295-A126-4CAC-A1A4-CA767EBF9EBF}.Debug|x86.Build.0 = Debug|Win32
		{83D53295-A126-4CAC-A1A4-CA767EBF9EBF}.Release|x64.ActiveCfg = Release|x64
		{83D53295-A126-4CAC-A1A4-CA767EBF9EBF}.Release|x64.Build.0 = Release|x64
		{83D53295-A126-4CAC-A1A4-CA767EBF9EBF}.Release|x86.ActiveCfg = Release|Win32
		{83D53295-A126-4CAC-A1A4-CA767EBF9EBF}.Release|x86.Build.0 = Release|Win32
		{266966EA-0EEB-4849-937B-ECFB1FA63064}.Debug|x64.ActiveCfg = Debug|x64
		{266966EA-0EEB-4849-937B-ECFB1FA63064}.Debug|x64.Build.0 = Debug|x64
		{266966EA-0EEB-4849-937B-ECFB1FA63064}.Debug|x86.ActiveCfg = Debug|Win32
		{266966EA-0EEB-4849-937B-ECFB1FA63064}.Debug|x86.Build.0 = Debug|Win32
		{266966EA-0EEB-4849-937B-ECFB1FA63064}.Release|x64.ActiveCfg = Release|x64
		{266966EA-0EEB-4849-937B-ECFB1FA63064}.Release|x64.Build.0 = Release|x64
		{266966EA-0EEB-4849-937B-ECFB1FA63064}.Release|x86.ActiveCfg = Release|Win32
		{266966EA-0EEB-4849-937B-ECFB1FA63064}.Release|x86.Build.0 = Release|Win32
		{A29464CC-2965-4FB9-B10E-9458E7E7FBE6}.Debug|x64.ActiveCfg = Debug|x64
		{A29464CC-2965-4FB9-B10E-9458E7E7FBE6}.Debug|x64.Build.0 = Debug|x64
		{A29464CC-2965-4FB9-B10E-9458E7E7FBE6}.Debug|x86.ActiveCfg = Debug|Win32
		{A29464CC-2965-4FB9-B10E-9458E7E7FBE6}.Debug|x86.Build.0 = Debug|Win32
		{A29464CC-2965-4FB9-B10E-9458E7E7FBE6}.Release|x64.ActiveCfg = Release|x64
		{A29464CC-2965-4FB9-B10E-9458E7E7FBE6}.Release|x64.Build.0 = Release|x64
		{A29464CC-2965-4FB9-B10E-9458E7E7FBE6}.Release|x86.ActiveCfg = Release|Win32
		{A29464CC-2965-4FB9-B10E-9458E7E7FBE6}.Release|x86.Build.0 = Release|Win32
		{B28A8F02-336D-4AE9-9CCC-96FB321C602D}.Debug|x64.ActiveCfg = Debug|x64
		{B28A8F02-336D-4AE9-9CCC-96FB321C602D}.Debug|x64.Build.0 = Debug|x64
		{B28A8F02-336D-4AE9-9CCC-96FB321C602D}.Debug|x86.ActiveCfg = Debug|Win32
		{B28A8F02-336D-4AE9-9CCC-96FB321C602D}.Debug|x86.Build.0 = Debug|Win32
		{B28A8F02-336D-4AE9-9CCC-96FB321C602D}.Release|x64.ActiveCfg = Release|x64
		{B28A8F02-336D-4AE9-9CCC-96FB321C602D}.Release|x64.Build.0 = Release|x64
		{B28A8F02-336D-4AE9-9CCC-96FB321C602D}.Release|x86.ActiveCfg = Release|Win32
		{B28A8F02-336D-4AE9-9CCC-96FB321C602D}.Release|x86.Build.0 = Release|Win32
	EndGlobalSection
	GlobalSection(SolutionProperties) = preSolution
		HideSolutionNode = FALSE
	EndGlobalSection
	GlobalSection(ExtensibilityGlobals) = postSolution
		SolutionGuid = {85F5A4CE-BB87-468A-BF3D-3B2F90384970}
	EndGlobalSection
EndGlobal
